
Microsoft Visual Studio Solution File, Format Version 12.00
# Visual Studio 15
VisualStudioVersion = 15.0.26430.15
MinimumVisualStudioVersion = 10.0.40219.1
Project("{8BC9CEB8-8B4A-11D0-8D11-00A0C91BC942}") = "megado", "megado\megado.vcxproj", "{92C9C451-5A4F-4D05-86F4-76F37E3B106C}"
	ProjectSection(ProjectDependencies) = postProject
		{ED793959-3DE1-4053-BF97-E5426AC97A1D} = {ED793959-3DE1-4053-BF97-E5426AC97A1D}
		{F5854064-385E-4E74-B227-0F20CCA13B19} = {F5854064-385E-4E74-B227-0F20CCA13B19}
		{75EAC28B-85C8-4BAB-B6AC-D18E0D6F840E} = {75EAC28B-85C8-4BAB-B6AC-D18E0D6F840E}
		{81CE8DAF-EBB2-4761-8E45-B71ABCCA8C68} = {81CE8DAF-EBB2-4761-8E45-B71ABCCA8C68}
		{6D654EF0-4CAD-44F3-A97F-CDFEB1D898B1} = {6D654EF0-4CAD-44F3-A97F-CDFEB1D898B1}
	EndProjectSection
EndProject
Project("{8BC9CEB8-8B4A-11D0-8D11-00A0C91BC942}") = "test", "test\test.vcxproj", "{72121CF3-C003-43BD-B506-13DD898D4F8A}"
	ProjectSection(ProjectDependencies) = postProject
		{92C9C451-5A4F-4D05-86F4-76F37E3B106C} = {92C9C451-5A4F-4D05-86F4-76F37E3B106C}
	EndProjectSection
EndProject
Project("{2150E333-8FDC-42A3-9474-1A3956D46DE8}") = "deps", "deps", "{0E0007A1-EEF2-4D05-B808-DA22606DF6E5}"
EndProject
Project("{8BC9CEB8-8B4A-11D0-8D11-00A0C91BC942}") = "cimgui", "deps\cimgui.vcxproj", "{ED793959-3DE1-4053-BF97-E5426AC97A1D}"
EndProject
Project("{8BC9CEB8-8B4A-11D0-8D11-00A0C91BC942}") = "json-c", "deps\json-c.vcxproj", "{6D654EF0-4CAD-44F3-A97F-CDFEB1D898B1}"
EndProject
Project("{8BC9CEB8-8B4A-11D0-8D11-00A0C91BC942}") = "glfw", "deps\glfw.vcxproj", "{F5854064-385E-4E74-B227-0F20CCA13B19}"
EndProject
Project("{8BC9CEB8-8B4A-11D0-8D11-00A0C91BC942}") = "glew", "deps\glew.vcxproj", "{75EAC28B-85C8-4BAB-B6AC-D18E0D6F840E}"
EndProject
Project("{8BC9CEB8-8B4A-11D0-8D11-00A0C91BC942}") = "SDL2", "deps\sdl2\VisualC\SDL\SDL.vcxproj", "{81CE8DAF-EBB2-4761-8E45-B71ABCCA8C68}"
EndProject
Global
	GlobalSection(SolutionConfigurationPlatforms) = preSolution
		Debug (log)|x64 = Debug (log)|x64
		Debug (log)|x86 = Debug (log)|x86
		Debug|x64 = Debug|x64
		Debug|x86 = Debug|x86
		Release|x64 = Release|x64
		Release|x86 = Release|x86
	EndGlobalSection
	GlobalSection(ProjectConfigurationPlatforms) = postSolution
		{92C9C451-5A4F-4D05-86F4-76F37E3B106C}.Debug (log)|x64.ActiveCfg = Debug (log)|x64
		{92C9C451-5A4F-4D05-86F4-76F37E3B106C}.Debug (log)|x64.Build.0 = Debug (log)|x64
		{92C9C451-5A4F-4D05-86F4-76F37E3B106C}.Debug (log)|x86.ActiveCfg = Debug (log)|Win32
		{92C9C451-5A4F-4D05-86F4-76F37E3B106C}.Debug (log)|x86.Build.0 = Debug (log)|Win32
		{92C9C451-5A4F-4D05-86F4-76F37E3B106C}.Debug|x64.ActiveCfg = Debug|x64
		{92C9C451-5A4F-4D05-86F4-76F37E3B106C}.Debug|x64.Build.0 = Debug|x64
		{92C9C451-5A4F-4D05-86F4-76F37E3B106C}.Debug|x86.ActiveCfg = Debug|Win32
		{92C9C451-5A4F-4D05-86F4-76F37E3B106C}.Debug|x86.Build.0 = Debug|Win32
		{92C9C451-5A4F-4D05-86F4-76F37E3B106C}.Release|x64.ActiveCfg = Release|x64
		{92C9C451-5A4F-4D05-86F4-76F37E3B106C}.Release|x64.Build.0 = Release|x64
		{92C9C451-5A4F-4D05-86F4-76F37E3B106C}.Release|x86.ActiveCfg = Release|Win32
		{92C9C451-5A4F-4D05-86F4-76F37E3B106C}.Release|x86.Build.0 = Release|Win32
		{72121CF3-C003-43BD-B506-13DD898D4F8A}.Debug (log)|x64.ActiveCfg = Debug (log)|x64
		{72121CF3-C003-43BD-B506-13DD898D4F8A}.Debug (log)|x64.Build.0 = Debug (log)|x64
		{72121CF3-C003-43BD-B506-13DD898D4F8A}.Debug (log)|x86.ActiveCfg = Debug (log)|Win32
		{72121CF3-C003-43BD-B506-13DD898D4F8A}.Debug (log)|x86.Build.0 = Debug (log)|Win32
		{72121CF3-C003-43BD-B506-13DD898D4F8A}.Debug|x64.ActiveCfg = Debug|x64
		{72121CF3-C003-43BD-B506-13DD898D4F8A}.Debug|x64.Build.0 = Debug|x64
		{72121CF3-C003-43BD-B506-13DD898D4F8A}.Debug|x86.ActiveCfg = Debug|Win32
		{72121CF3-C003-43BD-B506-13DD898D4F8A}.Debug|x86.Build.0 = Debug|Win32
		{72121CF3-C003-43BD-B506-13DD898D4F8A}.Release|x64.ActiveCfg = Release|x64
		{72121CF3-C003-43BD-B506-13DD898D4F8A}.Release|x64.Build.0 = Release|x64
		{72121CF3-C003-43BD-B506-13DD898D4F8A}.Release|x86.ActiveCfg = Release|Win32
		{72121CF3-C003-43BD-B506-13DD898D4F8A}.Release|x86.Build.0 = Release|Win32
		{ED793959-3DE1-4053-BF97-E5426AC97A1D}.Debug (log)|x64.ActiveCfg = Debug (log)|x64
		{ED793959-3DE1-4053-BF97-E5426AC97A1D}.Debug (log)|x64.Build.0 = Debug (log)|x64
		{ED793959-3DE1-4053-BF97-E5426AC97A1D}.Debug (log)|x86.ActiveCfg = Debug|Win32
		{ED793959-3DE1-4053-BF97-E5426AC97A1D}.Debug (log)|x86.Build.0 = Debug|Win32
		{ED793959-3DE1-4053-BF97-E5426AC97A1D}.Debug|x64.ActiveCfg = Debug|x64
		{ED793959-3DE1-4053-BF97-E5426AC97A1D}.Debug|x64.Build.0 = Debug|x64
		{ED793959-3DE1-4053-BF97-E5426AC97A1D}.Debug|x86.ActiveCfg = Debug|Win32
		{ED793959-3DE1-4053-BF97-E5426AC97A1D}.Debug|x86.Build.0 = Debug|Win32
		{ED793959-3DE1-4053-BF97-E5426AC97A1D}.Release|x64.ActiveCfg = Release|x64
		{ED793959-3DE1-4053-BF97-E5426AC97A1D}.Release|x64.Build.0 = Release|x64
		{ED793959-3DE1-4053-BF97-E5426AC97A1D}.Release|x86.ActiveCfg = Release|Win32
		{ED793959-3DE1-4053-BF97-E5426AC97A1D}.Release|x86.Build.0 = Release|Win32
		{6D654EF0-4CAD-44F3-A97F-CDFEB1D898B1}.Debug (log)|x64.ActiveCfg = Debug (log)|x64
		{6D654EF0-4CAD-44F3-A97F-CDFEB1D898B1}.Debug (log)|x64.Build.0 = Debug (log)|x64
		{6D654EF0-4CAD-44F3-A97F-CDFEB1D898B1}.Debug (log)|x86.ActiveCfg = Debug|Win32
		{6D654EF0-4CAD-44F3-A97F-CDFEB1D898B1}.Debug (log)|x86.Build.0 = Debug|Win32
		{6D654EF0-4CAD-44F3-A97F-CDFEB1D898B1}.Debug|x64.ActiveCfg = Debug|x64
		{6D654EF0-4CAD-44F3-A97F-CDFEB1D898B1}.Debug|x64.Build.0 = Debug|x64
		{6D654EF0-4CAD-44F3-A97F-CDFEB1D898B1}.Debug|x86.ActiveCfg = Debug|Win32
		{6D654EF0-4CAD-44F3-A97F-CDFEB1D898B1}.Debug|x86.Build.0 = Debug|Win32
		{6D654EF0-4CAD-44F3-A97F-CDFEB1D898B1}.Release|x64.ActiveCfg = Release|x64
		{6D654EF0-4CAD-44F3-A97F-CDFEB1D898B1}.Release|x64.Build.0 = Release|x64
		{6D654EF0-4CAD-44F3-A97F-CDFEB1D898B1}.Release|x86.ActiveCfg = Release|Win32
		{6D654EF0-4CAD-44F3-A97F-CDFEB1D898B1}.Release|x86.Build.0 = Release|Win32
		{F5854064-385E-4E74-B227-0F20CCA13B19}.Debug (log)|x64.ActiveCfg = Debug (log)|x64
		{F5854064-385E-4E74-B227-0F20CCA13B19}.Debug (log)|x64.Build.0 = Debug (log)|x64
		{F5854064-385E-4E74-B227-0F20CCA13B19}.Debug (log)|x86.ActiveCfg = Debug|Win32
		{F5854064-385E-4E74-B227-0F20CCA13B19}.Debug (log)|x86.Build.0 = Debug|Win32
		{F5854064-385E-4E74-B227-0F20CCA13B19}.Debug|x64.ActiveCfg = Debug|x64
		{F5854064-385E-4E74-B227-0F20CCA13B19}.Debug|x64.Build.0 = Debug|x64
		{F5854064-385E-4E74-B227-0F20CCA13B19}.Debug|x86.ActiveCfg = Debug|Win32
		{F5854064-385E-4E74-B227-0F20CCA13B19}.Debug|x86.Build.0 = Debug|Win32
		{F5854064-385E-4E74-B227-0F20CCA13B19}.Release|x64.ActiveCfg = Release|x64
		{F5854064-385E-4E74-B227-0F20CCA13B19}.Release|x64.Build.0 = Release|x64
		{F5854064-385E-4E74-B227-0F20CCA13B19}.Release|x86.ActiveCfg = Release|Win32
		{F5854064-385E-4E74-B227-0F20CCA13B19}.Release|x86.Build.0 = Release|Win32
		{75EAC28B-85C8-4BAB-B6AC-D18E0D6F840E}.Debug (log)|x64.ActiveCfg = Debug (log)|x64
		{75EAC28B-85C8-4BAB-B6AC-D18E0D6F840E}.Debug (log)|x64.Build.0 = Debug (log)|x64
		{75EAC28B-85C8-4BAB-B6AC-D18E0D6F840E}.Debug (log)|x86.ActiveCfg = Debug|Win32
		{75EAC28B-85C8-4BAB-B6AC-D18E0D6F840E}.Debug (log)|x86.Build.0 = Debug|Win32
		{75EAC28B-85C8-4BAB-B6AC-D18E0D6F840E}.Debug|x64.ActiveCfg = Debug|x64
		{75EAC28B-85C8-4BAB-B6AC-D18E0D6F840E}.Debug|x64.Build.0 = Debug|x64
		{75EAC28B-85C8-4BAB-B6AC-D18E0D6F840E}.Debug|x86.ActiveCfg = Debug|Win32
		{75EAC28B-85C8-4BAB-B6AC-D18E0D6F840E}.Debug|x86.Build.0 = Debug|Win32
		{75EAC28B-85C8-4BAB-B6AC-D18E0D6F840E}.Release|x64.ActiveCfg = Release|x64
		{75EAC28B-85C8-4BAB-B6AC-D18E0D6F840E}.Release|x64.Build.0 = Release|x64
		{75EAC28B-85C8-4BAB-B6AC-D18E0D6F840E}.Release|x86.ActiveCfg = Release|Win32
		{75EAC28B-85C8-4BAB-B6AC-D18E0D6F840E}.Release|x86.Build.0 = Release|Win32
		{81CE8DAF-EBB2-4761-8E45-B71ABCCA8C68}.Debug (log)|x64.ActiveCfg = Debug|x64
		{81CE8DAF-EBB2-4761-8E45-B71ABCCA8C68}.Debug (log)|x64.Build.0 = Debug|x64
		{81CE8DAF-EBB2-4761-8E45-B71ABCCA8C68}.Debug (log)|x86.ActiveCfg = Debug|Win32
		{81CE8DAF-EBB2-4761-8E45-B71ABCCA8C68}.Debug (log)|x86.Build.0 = Debug|Win32
		{81CE8DAF-EBB2-4761-8E45-B71ABCCA8C68}.Debug|x64.ActiveCfg = Debug|x64
		{81CE8DAF-EBB2-4761-8E45-B71ABCCA8C68}.Debug|x64.Build.0 = Debug|x64
		{81CE8DAF-EBB2-4761-8E45-B71ABCCA8C68}.Debug|x86.ActiveCfg = Debug|Win32
		{81CE8DAF-EBB2-4761-8E45-B71ABCCA8C68}.Debug|x86.Build.0 = Debug|Win32
		{81CE8DAF-EBB2-4761-8E45-B71ABCCA8C68}.Release|x64.ActiveCfg = Release|x64
		{81CE8DAF-EBB2-4761-8E45-B71ABCCA8C68}.Release|x64.Build.0 = Release|x64
		{81CE8DAF-EBB2-4761-8E45-B71ABCCA8C68}.Release|x86.ActiveCfg = Release|Win32
		{81CE8DAF-EBB2-4761-8E45-B71ABCCA8C68}.Release|x86.Build.0 = Release|Win32
	EndGlobalSection
	GlobalSection(SolutionProperties) = preSolution
		HideSolutionNode = FALSE
	EndGlobalSection
	GlobalSection(NestedProjects) = preSolution
		{ED793959-3DE1-4053-BF97-E5426AC97A1D} = {0E0007A1-EEF2-4D05-B808-DA22606DF6E5}
		{6D654EF0-4CAD-44F3-A97F-CDFEB1D898B1} = {0E0007A1-EEF2-4D05-B808-DA22606DF6E5}
		{F5854064-385E-4E74-B227-0F20CCA13B19} = {0E0007A1-EEF2-4D05-B808-DA22606DF6E5}
		{75EAC28B-85C8-4BAB-B6AC-D18E0D6F840E} = {0E0007A1-EEF2-4D05-B808-DA22606DF6E5}
		{81CE8DAF-EBB2-4761-8E45-B71ABCCA8C68} = {0E0007A1-EEF2-4D05-B808-DA22606DF6E5}
	EndGlobalSection
EndGlobal
